
Microsoft Visual Studio Solution File, Format Version 12.00
# Visual Studio Version 16
VisualStudioVersion = 16.0.29306.81
MinimumVisualStudioVersion = 10.0.40219.1
Project("{FAE04EC0-301F-11D3-BF4B-00C04F79EFBC}") = "OOP Lab 2.5", "OOP Lab 2.5\OOP Lab 2.5.csproj", "{50CB39AC-0D43-409C-A641-4F4FD16B6681}"
EndProject
Global
	GlobalSection(SolutionConfigurationPlatforms) = preSolution
		Debug|Any CPU = Debug|Any CPU
		Release|Any CPU = Release|Any CPU
	EndGlobalSection
	GlobalSection(ProjectConfigurationPlatforms) = postSolution
		{50CB39AC-0D43-409C-A641-4F4FD16B6681}.Debug|Any CPU.ActiveCfg = Debug|Any CPU
		{50CB39AC-0D43-409C-A641-4F4FD16B6681}.Debug|Any CPU.Build.0 = Debug|Any CPU
		{50CB39AC-0D43-409C-A641-4F4FD16B6681}.Release|Any CPU.ActiveCfg = Release|Any CPU
		{50CB39AC-0D43-409C-A641-4F4FD16B6681}.Release|Any CPU.Build.0 = Release|Any CPU
	EndGlobalSection
	GlobalSection(SolutionProperties) = preSolution
		HideSolutionNode = FALSE
	EndGlobalSection
	GlobalSection(ExtensibilityGlobals) = postSolution
		SolutionGuid = {6A0E618C-41DF-454C-8882-336D0BAB937A}
	EndGlobalSection
EndGlobal
