
Microsoft Visual Studio Solution File, Format Version 12.00
# Visual Studio Version 16
VisualStudioVersion = 16.0.29306.81
MinimumVisualStudioVersion = 10.0.40219.1
Project("{FAE04EC0-301F-11D3-BF4B-00C04F79EFBC}") = "OOP Lab 2.4", "OOP Lab 2.4\OOP Lab 2.4.csproj", "{952CB611-281C-4FF9-BAB6-9017AA940278}"
EndProject
Project("{FAE04EC0-301F-11D3-BF4B-00C04F79EFBC}") = "UnitTestProject1", "UnitTestProject1\UnitTestProject1.csproj", "{EAFB4E26-82BD-49F4-9246-77AC8664D226}"
EndProject
Project("{FAE04EC0-301F-11D3-BF4B-00C04F79EFBC}") = "UnitTestProject2", "UnitTestProject2\UnitTestProject2.csproj", "{239DDA11-4B85-4ED0-BB22-D5734D188024}"
EndProject
Global
	GlobalSection(SolutionConfigurationPlatforms) = preSolution
		Debug|Any CPU = Debug|Any CPU
		Release|Any CPU = Release|Any CPU
	EndGlobalSection
	GlobalSection(ProjectConfigurationPlatforms) = postSolution
		{952CB611-281C-4FF9-BAB6-9017AA940278}.Debug|Any CPU.ActiveCfg = Debug|Any CPU
		{952CB611-281C-4FF9-BAB6-9017AA940278}.Debug|Any CPU.Build.0 = Debug|Any CPU
		{952CB611-281C-4FF9-BAB6-9017AA940278}.Release|Any CPU.ActiveCfg = Release|Any CPU
		{952CB611-281C-4FF9-BAB6-9017AA940278}.Release|Any CPU.Build.0 = Release|Any CPU
		{EAFB4E26-82BD-49F4-9246-77AC8664D226}.Debug|Any CPU.ActiveCfg = Debug|Any CPU
		{EAFB4E26-82BD-49F4-9246-77AC8664D226}.Debug|Any CPU.Build.0 = Debug|Any CPU
		{EAFB4E26-82BD-49F4-9246-77AC8664D226}.Release|Any CPU.ActiveCfg = Release|Any CPU
		{EAFB4E26-82BD-49F4-9246-77AC8664D226}.Release|Any CPU.Build.0 = Release|Any CPU
		{239DDA11-4B85-4ED0-BB22-D5734D188024}.Debug|Any CPU.ActiveCfg = Debug|Any CPU
		{239DDA11-4B85-4ED0-BB22-D5734D188024}.Debug|Any CPU.Build.0 = Debug|Any CPU
		{239DDA11-4B85-4ED0-BB22-D5734D188024}.Release|Any CPU.ActiveCfg = Release|Any CPU
		{239DDA11-4B85-4ED0-BB22-D5734D188024}.Release|Any CPU.Build.0 = Release|Any CPU
	EndGlobalSection
	GlobalSection(SolutionProperties) = preSolution
		HideSolutionNode = FALSE
	EndGlobalSection
	GlobalSection(ExtensibilityGlobals) = postSolution
		SolutionGuid = {19164F4E-969B-465E-938E-3495718C29CF}
	EndGlobalSection
EndGlobal
