
Microsoft Visual Studio Solution File, Format Version 12.00
# Visual Studio Version 16
VisualStudioVersion = 16.0.29306.81
MinimumVisualStudioVersion = 10.0.40219.1
Project("{FAE04EC0-301F-11D3-BF4B-00C04F79EFBC}") = "OOP Lab 2.3", "OOP Lab 2.3\OOP Lab 2.3.csproj", "{098AE01D-AD5E-4E15-900C-41932C2D222A}"
EndProject
Global
	GlobalSection(SolutionConfigurationPlatforms) = preSolution
		Debug|Any CPU = Debug|Any CPU
		Release|Any CPU = Release|Any CPU
	EndGlobalSection
	GlobalSection(ProjectConfigurationPlatforms) = postSolution
		{098AE01D-AD5E-4E15-900C-41932C2D222A}.Debug|Any CPU.ActiveCfg = Debug|Any CPU
		{098AE01D-AD5E-4E15-900C-41932C2D222A}.Debug|Any CPU.Build.0 = Debug|Any CPU
		{098AE01D-AD5E-4E15-900C-41932C2D222A}.Release|Any CPU.ActiveCfg = Release|Any CPU
		{098AE01D-AD5E-4E15-900C-41932C2D222A}.Release|Any CPU.Build.0 = Release|Any CPU
	EndGlobalSection
	GlobalSection(SolutionProperties) = preSolution
		HideSolutionNode = FALSE
	EndGlobalSection
	GlobalSection(ExtensibilityGlobals) = postSolution
		SolutionGuid = {85473877-5582-42BD-AC05-04597FDBD68A}
	EndGlobalSection
EndGlobal
